dependencies:
- name: postgresql
  repository: https://charts.bitnami.com/bitnami
  version: 8.10.8
- name: redis
  repository: https://charts.bitnami.com/bitnami
  version: 10.7.5
digest: sha256:beef0d592b7e7a9e6916b1b45d60a8ab5cd829adb50002aa705780b8a26e625d
generated: "2020-06-25T16:01:29.251171+05:30"
